// !$*UTF8*$!
{
	archiveVersion = 1;
	classes = {
	};
	objectVersion = 51;
	objects = {

/* Begin PBXBuildFile section */
		1E87641413F98393F74DA58B /* Pods_SimpleMealManagerTests.framework in Frameworks */ = {isa = PBXBuildFile; fileRef = 2D8B95818D9F4A1FEC2EE77B /* Pods_SimpleMealManagerTests.framework */; };
		24E7ACE3B2405ED36C9B11F8 /* Pods_SimpleMealManagerUITests.framework in Frameworks */ = {isa = PBXBuildFile; fileRef = 6348F79937523E80ECC62DFF /* Pods_SimpleMealManagerUITests.framework */; };
		600C3E13231D44C3003AC939 /* Detail.storyboard in Resources */ = {isa = PBXBuildFile; fileRef = 600C3E12231D44C3003AC939 /* Detail.storyboard */; };
		600C3E15231D44D9003AC939 /* Edit.storyboard in Resources */ = {isa = PBXBuildFile; fileRef = 600C3E14231D44D9003AC939 /* Edit.storyboard */; };
		60143057232276F600972D6A /* DetailViewController.swift in Sources */ = {isa = PBXBuildFile; fileRef = 60143056232276F600972D6A /* DetailViewController.swift */; };
		601430592322772F00972D6A /* EditViewController.swift in Sources */ = {isa = PBXBuildFile; fileRef = 601430582322772F00972D6A /* EditViewController.swift */; };
		6014305B2322775800972D6A /* Login.storyboard in Resources */ = {isa = PBXBuildFile; fileRef = 6014305A2322775800972D6A /* Login.storyboard */; };
		6014305D2322776800972D6A /* LoginViewController.swift in Sources */ = {isa = PBXBuildFile; fileRef = 6014305C2322776800972D6A /* LoginViewController.swift */; };
		6038B17D2324F9FD001F22F1 /* Const.swift in Sources */ = {isa = PBXBuildFile; fileRef = 6038B17C2324F9FD001F22F1 /* Const.swift */; };
		6038B17F2324FC63001F22F1 /* PostData.swift in Sources */ = {isa = PBXBuildFile; fileRef = 6038B17E2324FC63001F22F1 /* PostData.swift */; };
		604CAAF8231A7FA400B04451 /* AppDelegate.swift in Sources */ = {isa = PBXBuildFile; fileRef = 604CAAF7231A7FA400B04451 /* AppDelegate.swift */; };
		604CAAFA231A7FA400B04451 /* ViewController.swift in Sources */ = {isa = PBXBuildFile; fileRef = 604CAAF9231A7FA400B04451 /* ViewController.swift */; };
		604CAAFD231A7FA400B04451 /* Main.storyboard in Resources */ = {isa = PBXBuildFile; fileRef = 604CAAFB231A7FA400B04451 /* Main.storyboard */; };
		604CAAFF231A7FA500B04451 /* Assets.xcassets in Resources */ = {isa = PBXBuildFile; fileRef = 604CAAFE231A7FA500B04451 /* Assets.xcassets */; };
		604CAB02231A7FA500B04451 /* LaunchScreen.storyboard in Resources */ = {isa = PBXBuildFile; fileRef = 604CAB00231A7FA500B04451 /* LaunchScreen.storyboard */; };
		604CAB0D231A7FA500B04451 /* SimpleMealManagerTests.swift in Sources */ = {isa = PBXBuildFile; fileRef = 604CAB0C231A7FA500B04451 /* SimpleMealManagerTests.swift */; };
		604CAB18231A7FA500B04451 /* SimpleMealManagerUITests.swift in Sources */ = {isa = PBXBuildFile; fileRef = 604CAB17231A7FA500B04451 /* SimpleMealManagerUITests.swift */; };
		604CAB26231A85C200B04451 /* Home.storyboard in Resources */ = {isa = PBXBuildFile; fileRef = 604CAB25231A85C200B04451 /* Home.storyboard */; };
		60AA48742321572300EBEB57 /* GoogleService-Info.plist in Resources */ = {isa = PBXBuildFile; fileRef = 60AA48732321572300EBEB57 /* GoogleService-Info.plist */; };
		60B251872321299F009E108D /* HomeViewController.swift in Sources */ = {isa = PBXBuildFile; fileRef = 60B251862321299F009E108D /* HomeViewController.swift */; };
		F12E6AEEBF0533C73B0BCBC7 /* Pods_SimpleMealManager.framework in Frameworks */ = {isa = PBXBuildFile; fileRef = 1E4F3E7435565A975B2C143A /* Pods_SimpleMealManager.framework */; };
/* End PBXBuildFile section */

/* Begin PBXContainerItemProxy section */
		604CAB09231A7FA500B04451 /* PBXContainerItemProxy */ = {
			isa = PBXContainerItemProxy;
			containerPortal = 604CAAEC231A7FA300B04451 /* Project object */;
			proxyType = 1;
			remoteGlobalIDString = 604CAAF3231A7FA300B04451;
			remoteInfo = SimpleMealManager;
		};
		604CAB14231A7FA500B04451 /* PBXContainerItemProxy */ = {
			isa = PBXContainerItemProxy;
			containerPortal = 604CAAEC231A7FA300B04451 /* Project object */;
			proxyType = 1;
			remoteGlobalIDString = 604CAAF3231A7FA300B04451;
			remoteInfo = SimpleMealManager;
		};
/* End PBXContainerItemProxy section */

/* Begin PBXFileReference section */
		0790AE222FC977E6A9EBD4F1 /* Pods-SimpleMealManagerUITests.release.xcconfig */ = {isa = PBXFileReference; includeInIndex = 1; lastKnownFileType = text.xcconfig; name = "Pods-SimpleMealManagerUITests.release.xcconfig"; path = "Target Support Files/Pods-SimpleMealManagerUITests/Pods-SimpleMealManagerUITests.release.xcconfig"; sourceTree = "<group>"; };
		1E4F3E7435565A975B2C143A /* Pods_SimpleMealManager.framework */ = {isa = PBXFileReference; explicitFileType = wrapper.framework; includeInIndex = 0; path = Pods_SimpleMealManager.framework; sourceTree = BUILT_PRODUCTS_DIR; };
		2D8B95818D9F4A1FEC2EE77B /* Pods_SimpleMealManagerTests.framework */ = {isa = PBXFileReference; explicitFileType = wrapper.framework; includeInIndex = 0; path = Pods_SimpleMealManagerTests.framework; sourceTree = BUILT_PRODUCTS_DIR; };
		48930FE3AFC50B9F6FCBBD4B /* Pods-SimpleMealManagerTests.release.xcconfig */ = {isa = PBXFileReference; includeInIndex = 1; lastKnownFileType = text.xcconfig; name = "Pods-SimpleMealManagerTests.release.xcconfig"; path = "Target Support Files/Pods-SimpleMealManagerTests/Pods-SimpleMealManagerTests.release.xcconfig"; sourceTree = "<group>"; };
		600C3E12231D44C3003AC939 /* Detail.storyboard */ = {isa = PBXFileReference; lastKnownFileType = file.storyboard; path = Detail.storyboard; sourceTree = "<group>"; };
		600C3E14231D44D9003AC939 /* Edit.storyboard */ = {isa = PBXFileReference; lastKnownFileType = file.storyboard; path = Edit.storyboard; sourceTree = "<group>"; };
		60143056232276F600972D6A /* DetailViewController.swift */ = {isa = PBXFileReference; lastKnownFileType = sourcecode.swift; path = DetailViewController.swift; sourceTree = "<group>"; };
		601430582322772F00972D6A /* EditViewController.swift */ = {isa = PBXFileReference; lastKnownFileType = sourcecode.swift; path = EditViewController.swift; sourceTree = "<group>"; };
		6014305A2322775800972D6A /* Login.storyboard */ = {isa = PBXFileReference; lastKnownFileType = file.storyboard; path = Login.storyboard; sourceTree = "<group>"; };
		6014305C2322776800972D6A /* LoginViewController.swift */ = {isa = PBXFileReference; lastKnownFileType = sourcecode.swift; path = LoginViewController.swift; sourceTree = "<group>"; };
		6038B17C2324F9FD001F22F1 /* Const.swift */ = {isa = PBXFileReference; lastKnownFileType = sourcecode.swift; path = Const.swift; sourceTree = "<group>"; };
		6038B17E2324FC63001F22F1 /* PostData.swift */ = {isa = PBXFileReference; lastKnownFileType = sourcecode.swift; path = PostData.swift; sourceTree = "<group>"; };
		604CAAF4231A7FA400B04451 /* SimpleMealManager.app */ = {isa = PBXFileReference; explicitFileType = wrapper.application; includeInIndex = 0; path = SimpleMealManager.app; sourceTree = BUILT_PRODUCTS_DIR; };
		604CAAF7231A7FA400B04451 /* AppDelegate.swift */ = {isa = PBXFileReference; lastKnownFileType = sourcecode.swift; path = AppDelegate.swift; sourceTree = "<group>"; };
		604CAAF9231A7FA400B04451 /* ViewController.swift */ = {isa = PBXFileReference; lastKnownFileType = sourcecode.swift; path = ViewController.swift; sourceTree = "<group>"; };
		604CAAFC231A7FA400B04451 /* Base */ = {isa = PBXFileReference; lastKnownFileType = file.storyboard; name = Base; path = Base.lproj/Main.storyboard; sourceTree = "<group>"; };
		604CAAFE231A7FA500B04451 /* Assets.xcassets */ = {isa = PBXFileReference; lastKnownFileType = folder.assetcatalog; path = Assets.xcassets; sourceTree = "<group>"; };
		604CAB01231A7FA500B04451 /* Base */ = {isa = PBXFileReference; lastKnownFileType = file.storyboard; name = Base; path = Base.lproj/LaunchScreen.storyboard; sourceTree = "<group>"; };
		604CAB03231A7FA500B04451 /* Info.plist */ = {isa = PBXFileReference; lastKnownFileType = text.plist.xml; path = Info.plist; sourceTree = "<group>"; };
		604CAB08231A7FA500B04451 /* SimpleMealManagerTests.xctest */ = {isa = PBXFileReference; explicitFileType = wrapper.cfbundle; includeInIndex = 0; path = SimpleMealManagerTests.xctest; sourceTree = BUILT_PRODUCTS_DIR; };
		604CAB0C231A7FA500B04451 /* SimpleMealManagerTests.swift */ = {isa = PBXFileReference; lastKnownFileType = sourcecode.swift; path = SimpleMealManagerTests.swift; sourceTree = "<group>"; };
		604CAB0E231A7FA500B04451 /* Info.plist */ = {isa = PBXFileReference; lastKnownFileType = text.plist.xml; path = Info.plist; sourceTree = "<group>"; };
		604CAB13231A7FA500B04451 /* SimpleMealManagerUITests.xctest */ = {isa = PBXFileReference; explicitFileType = wrapper.cfbundle; includeInIndex = 0; path = SimpleMealManagerUITests.xctest; sourceTree = BUILT_PRODUCTS_DIR; };
		604CAB17231A7FA500B04451 /* SimpleMealManagerUITests.swift */ = {isa = PBXFileReference; lastKnownFileType = sourcecode.swift; path = SimpleMealManagerUITests.swift; sourceTree = "<group>"; };
		604CAB19231A7FA500B04451 /* Info.plist */ = {isa = PBXFileReference; lastKnownFileType = text.plist.xml; path = Info.plist; sourceTree = "<group>"; };
		604CAB25231A85C200B04451 /* Home.storyboard */ = {isa = PBXFileReference; lastKnownFileType = file.storyboard; path = Home.storyboard; sourceTree = "<group>"; };
		60AA48732321572300EBEB57 /* GoogleService-Info.plist */ = {isa = PBXFileReference; fileEncoding = 4; lastKnownFileType = text.plist.xml; path = "GoogleService-Info.plist"; sourceTree = "<group>"; };
		60B251862321299F009E108D /* HomeViewController.swift */ = {isa = PBXFileReference; lastKnownFileType = sourcecode.swift; path = HomeViewController.swift; sourceTree = "<group>"; };
		62976D5E8D393F4080B8EC2E /* Pods-SimpleMealManagerUITests.debug.xcconfig */ = {isa = PBXFileReference; includeInIndex = 1; lastKnownFileType = text.xcconfig; name = "Pods-SimpleMealManagerUITests.debug.xcconfig"; path = "Target Support Files/Pods-SimpleMealManagerUITests/Pods-SimpleMealManagerUITests.debug.xcconfig"; sourceTree = "<group>"; };
		6348F79937523E80ECC62DFF /* Pods_SimpleMealManagerUITests.framework */ = {isa = PBXFileReference; explicitFileType = wrapper.framework; includeInIndex = 0; path = Pods_SimpleMealManagerUITests.framework; sourceTree = BUILT_PRODUCTS_DIR; };
		75F65D0AA1B6E015E13FC515 /* Pods-SimpleMealManager.debug.xcconfig */ = {isa = PBXFileReference; includeInIndex = 1; lastKnownFileType = text.xcconfig; name = "Pods-SimpleMealManager.debug.xcconfig"; path = "Target Support Files/Pods-SimpleMealManager/Pods-SimpleMealManager.debug.xcconfig"; sourceTree = "<group>"; };
		783E4DBD22A7993F78064949 /* Pods-SimpleMealManager.release.xcconfig */ = {isa = PBXFileReference; includeInIndex = 1; lastKnownFileType = text.xcconfig; name = "Pods-SimpleMealManager.release.xcconfig"; path = "Target Support Files/Pods-SimpleMealManager/Pods-SimpleMealManager.release.xcconfig"; sourceTree = "<group>"; };
		FB18AE48AB87EA8898FBC399 /* Pods-SimpleMealManagerTests.debug.xcconfig */ = {isa = PBXFileReference; includeInIndex = 1; lastKnownFileType = text.xcconfig; name = "Pods-SimpleMealManagerTests.debug.xcconfig"; path = "Target Support Files/Pods-SimpleMealManagerTests/Pods-SimpleMealManagerTests.debug.xcconfig"; sourceTree = "<group>"; };
/* End PBXFileReference section */

/* Begin PBXFrameworksBuildPhase section */
		604CAAF1231A7FA300B04451 /* Frameworks */ = {
			isa = PBXFrameworksBuildPhase;
			buildActionMask = 2147483647;
			files = (
				F12E6AEEBF0533C73B0BCBC7 /* Pods_SimpleMealManager.framework in Frameworks */,
			);
			runOnlyForDeploymentPostprocessing = 0;
		};
		604CAB05231A7FA500B04451 /* Frameworks */ = {
			isa = PBXFrameworksBuildPhase;
			buildActionMask = 2147483647;
			files = (
				1E87641413F98393F74DA58B /* Pods_SimpleMealManagerTests.framework in Frameworks */,
			);
			runOnlyForDeploymentPostprocessing = 0;
		};
		604CAB10231A7FA500B04451 /* Frameworks */ = {
			isa = PBXFrameworksBuildPhase;
			buildActionMask = 2147483647;
			files = (
				24E7ACE3B2405ED36C9B11F8 /* Pods_SimpleMealManagerUITests.framework in Frameworks */,
			);
			runOnlyForDeploymentPostprocessing = 0;
		};
/* End PBXFrameworksBuildPhase section */

/* Begin PBXGroup section */
		4B856946D5438C124D828C4B /* Frameworks */ = {
			isa = PBXGroup;
			children = (
				1E4F3E7435565A975B2C143A /* Pods_SimpleMealManager.framework */,
				2D8B95818D9F4A1FEC2EE77B /* Pods_SimpleMealManagerTests.framework */,
				6348F79937523E80ECC62DFF /* Pods_SimpleMealManagerUITests.framework */,
			);
			name = Frameworks;
			sourceTree = "<group>";
		};
		4D4114F441BA4C3167FF2B0D /* Pods */ = {
			isa = PBXGroup;
			children = (
				75F65D0AA1B6E015E13FC515 /* Pods-SimpleMealManager.debug.xcconfig */,
				783E4DBD22A7993F78064949 /* Pods-SimpleMealManager.release.xcconfig */,
				FB18AE48AB87EA8898FBC399 /* Pods-SimpleMealManagerTests.debug.xcconfig */,
				48930FE3AFC50B9F6FCBBD4B /* Pods-SimpleMealManagerTests.release.xcconfig */,
				62976D5E8D393F4080B8EC2E /* Pods-SimpleMealManagerUITests.debug.xcconfig */,
				0790AE222FC977E6A9EBD4F1 /* Pods-SimpleMealManagerUITests.release.xcconfig */,
			);
			path = Pods;
			sourceTree = "<group>";
		};
		604CAAEB231A7FA300B04451 = {
			isa = PBXGroup;
			children = (
				604CAAF6231A7FA400B04451 /* SimpleMealManager */,
				604CAB0B231A7FA500B04451 /* SimpleMealManagerTests */,
				604CAB16231A7FA500B04451 /* SimpleMealManagerUITests */,
				604CAAF5231A7FA400B04451 /* Products */,
				4D4114F441BA4C3167FF2B0D /* Pods */,
				4B856946D5438C124D828C4B /* Frameworks */,
			);
			sourceTree = "<group>";
		};
		604CAAF5231A7FA400B04451 /* Products */ = {
			isa = PBXGroup;
			children = (
				604CAAF4231A7FA400B04451 /* SimpleMealManager.app */,
				604CAB08231A7FA500B04451 /* SimpleMealManagerTests.xctest */,
				604CAB13231A7FA500B04451 /* SimpleMealManagerUITests.xctest */,
			);
			name = Products;
			sourceTree = "<group>";
		};
		604CAAF6231A7FA400B04451 /* SimpleMealManager */ = {
			isa = PBXGroup;
			children = (
				604CAAF7231A7FA400B04451 /* AppDelegate.swift */,
				604CAAF9231A7FA400B04451 /* ViewController.swift */,
				604CAAFB231A7FA400B04451 /* Main.storyboard */,
				604CAAFE231A7FA500B04451 /* Assets.xcassets */,
				604CAB00231A7FA500B04451 /* LaunchScreen.storyboard */,
				604CAB03231A7FA500B04451 /* Info.plist */,
				604CAB25231A85C200B04451 /* Home.storyboard */,
				600C3E12231D44C3003AC939 /* Detail.storyboard */,
				600C3E14231D44D9003AC939 /* Edit.storyboard */,
				60AA48732321572300EBEB57 /* GoogleService-Info.plist */,
				60B251862321299F009E108D /* HomeViewController.swift */,
				60143056232276F600972D6A /* DetailViewController.swift */,
				601430582322772F00972D6A /* EditViewController.swift */,
				6014305A2322775800972D6A /* Login.storyboard */,
				6014305C2322776800972D6A /* LoginViewController.swift */,
				6038B17C2324F9FD001F22F1 /* Const.swift */,
				6038B17E2324FC63001F22F1 /* PostData.swift */,
			);
			path = SimpleMealManager;
			sourceTree = "<group>";
		};
		604CAB0B231A7FA500B04451 /* SimpleMealManagerTests */ = {
			isa = PBXGroup;
			children = (
				604CAB0C231A7FA500B04451 /* SimpleMealManagerTests.swift */,
				604CAB0E231A7FA500B04451 /* Info.plist */,
			);
			path = SimpleMealManagerTests;
			sourceTree = "<group>";
		};
		604CAB16231A7FA500B04451 /* SimpleMealManagerUITests */ = {
			isa = PBXGroup;
			children = (
				604CAB17231A7FA500B04451 /* SimpleMealManagerUITests.swift */,
				604CAB19231A7FA500B04451 /* Info.plist */,
			);
			path = SimpleMealManagerUITests;
			sourceTree = "<group>";
		};
/* End PBXGroup section */

/* Begin PBXNativeTarget section */
		604CAAF3231A7FA300B04451 /* SimpleMealManager */ = {
			isa = PBXNativeTarget;
			buildConfigurationList = 604CAB1C231A7FA500B04451 /* Build configuration list for PBXNativeTarget "SimpleMealManager" */;
			buildPhases = (
				3508B7CF58F32AD9D906D56E /* [CP] Check Pods Manifest.lock */,
				604CAAF0231A7FA300B04451 /* Sources */,
				604CAAF1231A7FA300B04451 /* Frameworks */,
				604CAAF2231A7FA300B04451 /* Resources */,
				413644F34FE73B6E4D76FC34 /* [CP] Embed Pods Frameworks */,
			);
			buildRules = (
			);
			dependencies = (
			);
			name = SimpleMealManager;
			productName = SimpleMealManager;
			productReference = 604CAAF4231A7FA400B04451 /* SimpleMealManager.app */;
			productType = "com.apple.product-type.application";
		};
		604CAB07231A7FA500B04451 /* SimpleMealManagerTests */ = {
			isa = PBXNativeTarget;
			buildConfigurationList = 604CAB1F231A7FA500B04451 /* Build configuration list for PBXNativeTarget "SimpleMealManagerTests" */;
			buildPhases = (
				394EFD705BFA72D93DB3A9B3 /* [CP] Check Pods Manifest.lock */,
				604CAB04231A7FA500B04451 /* Sources */,
				604CAB05231A7FA500B04451 /* Frameworks */,
				604CAB06231A7FA500B04451 /* Resources */,
			);
			buildRules = (
			);
			dependencies = (
				604CAB0A231A7FA500B04451 /* PBXTargetDependency */,
			);
			name = SimpleMealManagerTests;
			productName = SimpleMealManagerTests;
			productReference = 604CAB08231A7FA500B04451 /* SimpleMealManagerTests.xctest */;
			productType = "com.apple.product-type.bundle.unit-test";
		};
		604CAB12231A7FA500B04451 /* SimpleMealManagerUITests */ = {
			isa = PBXNativeTarget;
			buildConfigurationList = 604CAB22231A7FA500B04451 /* Build configuration list for PBXNativeTarget "SimpleMealManagerUITests" */;
			buildPhases = (
				7C612900A0022DE3BC996321 /* [CP] Check Pods Manifest.lock */,
				604CAB0F231A7FA500B04451 /* Sources */,
				604CAB10231A7FA500B04451 /* Frameworks */,
				604CAB11231A7FA500B04451 /* Resources */,
			);
			buildRules = (
			);
			dependencies = (
				604CAB15231A7FA500B04451 /* PBXTargetDependency */,
			);
			name = SimpleMealManagerUITests;
			productName = SimpleMealManagerUITests;
			productReference = 604CAB13231A7FA500B04451 /* SimpleMealManagerUITests.xctest */;
			productType = "com.apple.product-type.bundle.ui-testing";
		};
/* End PBXNativeTarget section */

/* Begin PBXProject section */
		604CAAEC231A7FA300B04451 /* Project object */ = {
			isa = PBXProject;
			attributes = {
				LastSwiftUpdateCheck = 1030;
				LastUpgradeCheck = 1030;
				ORGANIZATIONNAME = hitoshi.kamada;
				TargetAttributes = {
					604CAAF3231A7FA300B04451 = {
						CreatedOnToolsVersion = 10.3;
					};
					604CAB07231A7FA500B04451 = {
						CreatedOnToolsVersion = 10.3;
						TestTargetID = 604CAAF3231A7FA300B04451;
					};
					604CAB12231A7FA500B04451 = {
						CreatedOnToolsVersion = 10.3;
						TestTargetID = 604CAAF3231A7FA300B04451;
					};
				};
			};
			buildConfigurationList = 604CAAEF231A7FA300B04451 /* Build configuration list for PBXProject "SimpleMealManager" */;
			compatibilityVersion = "Xcode 9.3";
			developmentRegion = en;
			hasScannedForEncodings = 0;
			knownRegions = (
				en,
				Base,
			);
			mainGroup = 604CAAEB231A7FA300B04451;
			productRefGroup = 604CAAF5231A7FA400B04451 /* Products */;
			projectDirPath = "";
			projectRoot = "";
			targets = (
				604CAAF3231A7FA300B04451 /* SimpleMealManager */,
				604CAB07231A7FA500B04451 /* SimpleMealManagerTests */,
				604CAB12231A7FA500B04451 /* SimpleMealManagerUITests */,
			);
		};
/* End PBXProject section */

/* Begin PBXResourcesBuildPhase section */
		604CAAF2231A7FA300B04451 /* Resources */ = {
			isa = PBXResourcesBuildPhase;
			buildActionMask = 2147483647;
			files = (
				6014305B2322775800972D6A /* Login.storyboard in Resources */,
				604CAB02231A7FA500B04451 /* LaunchScreen.storyboard in Resources */,
				604CAAFF231A7FA500B04451 /* Assets.xcassets in Resources */,
				604CAAFD231A7FA400B04451 /* Main.storyboard in Resources */,
				600C3E13231D44C3003AC939 /* Detail.storyboard in Resources */,
				600C3E15231D44D9003AC939 /* Edit.storyboard in Resources */,
				604CAB26231A85C200B04451 /* Home.storyboard in Resources */,
				60AA48742321572300EBEB57 /* GoogleService-Info.plist in Resources */,
			);
			runOnlyForDeploymentPostprocessing = 0;
		};
		604CAB06231A7FA500B04451 /* Resources */ = {
			isa = PBXResourcesBuildPhase;
			buildActionMask = 2147483647;
			files = (
			);
			runOnlyForDeploymentPostprocessing = 0;
		};
		604CAB11231A7FA500B04451 /* Resources */ = {
			isa = PBXResourcesBuildPhase;
			buildActionMask = 2147483647;
			files = (
			);
			runOnlyForDeploymentPostprocessing = 0;
		};
/* End PBXResourcesBuildPhase section */

/* Begin PBXShellScriptBuildPhase section */
		3508B7CF58F32AD9D906D56E /* [CP] Check Pods Manifest.lock */ = {
			isa = PBXShellScriptBuildPhase;
			buildActionMask = 2147483647;
			files = (
			);
			inputFileListPaths = (
			);
			inputPaths = (
				"${PODS_PODFILE_DIR_PATH}/Podfile.lock",
				"${PODS_ROOT}/Manifest.lock",
			);
			name = "[CP] Check Pods Manifest.lock";
			outputFileListPaths = (
			);
			outputPaths = (
				"$(DERIVED_FILE_DIR)/Pods-SimpleMealManager-checkManifestLockResult.txt",
			);
			runOnlyForDeploymentPostprocessing = 0;
			shellPath = /bin/sh;
			shellScript = "diff \"${PODS_PODFILE_DIR_PATH}/Podfile.lock\" \"${PODS_ROOT}/Manifest.lock\" > /dev/null\nif [ $? != 0 ] ; then\n    # print error to STDERR\n    echo \"error: The sandbox is not in sync with the Podfile.lock. Run 'pod install' or update your CocoaPods installation.\" >&2\n    exit 1\nfi\n# This output is used by Xcode 'outputs' to avoid re-running this script phase.\necho \"SUCCESS\" > \"${SCRIPT_OUTPUT_FILE_0}\"\n";
			showEnvVarsInLog = 0;
		};
		394EFD705BFA72D93DB3A9B3 /* [CP] Check Pods Manifest.lock */ = {
			isa = PBXShellScriptBuildPhase;
			buildActionMask = 2147483647;
			files = (
			);
			inputFileListPaths = (
			);
			inputPaths = (
				"${PODS_PODFILE_DIR_PATH}/Podfile.lock",
				"${PODS_ROOT}/Manifest.lock",
			);
			name = "[CP] Check Pods Manifest.lock";
			outputFileListPaths = (
			);
			outputPaths = (
				"$(DERIVED_FILE_DIR)/Pods-SimpleMealManagerTests-checkManifestLockResult.txt",
			);
			runOnlyForDeploymentPostprocessing = 0;
			shellPath = /bin/sh;
			shellScript = "diff \"${PODS_PODFILE_DIR_PATH}/Podfile.lock\" \"${PODS_ROOT}/Manifest.lock\" > /dev/null\nif [ $? != 0 ] ; then\n    # print error to STDERR\n    echo \"error: The sandbox is not in sync with the Podfile.lock. Run 'pod install' or update your CocoaPods installation.\" >&2\n    exit 1\nfi\n# This output is used by Xcode 'outputs' to avoid re-running this script phase.\necho \"SUCCESS\" > \"${SCRIPT_OUTPUT_FILE_0}\"\n";
			showEnvVarsInLog = 0;
		};
		413644F34FE73B6E4D76FC34 /* [CP] Embed Pods Frameworks */ = {
			isa = PBXShellScriptBuildPhase;
			buildActionMask = 2147483647;
			files = (
			);
			inputFileListPaths = (
				"${PODS_ROOT}/Target Support Files/Pods-SimpleMealManager/Pods-SimpleMealManager-frameworks-${CONFIGURATION}-input-files.xcfilelist",
			);
			name = "[CP] Embed Pods Frameworks";
			outputFileListPaths = (
				"${PODS_ROOT}/Target Support Files/Pods-SimpleMealManager/Pods-SimpleMealManager-frameworks-${CONFIGURATION}-output-files.xcfilelist",
			);
			runOnlyForDeploymentPostprocessing = 0;
			shellPath = /bin/sh;
			shellScript = "\"${PODS_ROOT}/Target Support Files/Pods-SimpleMealManager/Pods-SimpleMealManager-frameworks.sh\"\n";
			showEnvVarsInLog = 0;
		};
		7C612900A0022DE3BC996321 /* [CP] Check Pods Manifest.lock */ = {
			isa = PBXShellScriptBuildPhase;
			buildActionMask = 2147483647;
			files = (
			);
			inputFileListPaths = (
			);
			inputPaths = (
				"${PODS_PODFILE_DIR_PATH}/Podfile.lock",
				"${PODS_ROOT}/Manifest.lock",
			);
			name = "[CP] Check Pods Manifest.lock";
			outputFileListPaths = (
			);
			outputPaths = (
				"$(DERIVED_FILE_DIR)/Pods-SimpleMealManagerUITests-checkManifestLockResult.txt",
			);
			runOnlyForDeploymentPostprocessing = 0;
			shellPath = /bin/sh;
			shellScript = "diff \"${PODS_PODFILE_DIR_PATH}/Podfile.lock\" \"${PODS_ROOT}/Manifest.lock\" > /dev/null\nif [ $? != 0 ] ; then\n    # print error to STDERR\n    echo \"error: The sandbox is not in sync with the Podfile.lock. Run 'pod install' or update your CocoaPods installation.\" >&2\n    exit 1\nfi\n# This output is used by Xcode 'outputs' to avoid re-running this script phase.\necho \"SUCCESS\" > \"${SCRIPT_OUTPUT_FILE_0}\"\n";
			showEnvVarsInLog = 0;
		};
/* End PBXShellScriptBuildPhase section */

/* Begin PBXSourcesBuildPhase section */
		604CAAF0231A7FA300B04451 /* Sources */ = {
			isa = PBXSourcesBuildPhase;
			buildActionMask = 2147483647;
			files = (
				6014305D2322776800972D6A /* LoginViewController.swift in Sources */,
				6038B17F2324FC63001F22F1 /* PostData.swift in Sources */,
				601430592322772F00972D6A /* EditViewController.swift in Sources */,
				604CAAFA231A7FA400B04451 /* ViewController.swift in Sources */,
				604CAAF8231A7FA400B04451 /* AppDelegate.swift in Sources */,
				60B251872321299F009E108D /* HomeViewController.swift in Sources */,
				60143057232276F600972D6A /* DetailViewController.swift in Sources */,
				6038B17D2324F9FD001F22F1 /* Const.swift in Sources */,
			);
			runOnlyForDeploymentPostprocessing = 0;
		};
		604CAB04231A7FA500B04451 /* Sources */ = {
			isa = PBXSourcesBuildPhase;
			buildActionMask = 2147483647;
			files = (
				604CAB0D231A7FA500B04451 /* SimpleMealManagerTests.swift in Sources */,
			);
			runOnlyForDeploymentPostprocessing = 0;
		};
		604CAB0F231A7FA500B04451 /* Sources */ = {
			isa = PBXSourcesBuildPhase;
			buildActionMask = 2147483647;
			files = (
				604CAB18231A7FA500B04451 /* SimpleMealManagerUITests.swift in Sources */,
			);
			runOnlyForDeploymentPostprocessing = 0;
		};
/* End PBXSourcesBuildPhase section */

/* Begin PBXTargetDependency section */
		604CAB0A231A7FA500B04451 /* PBXTargetDependency */ = {
			isa = PBXTargetDependency;
			target = 604CAAF3231A7FA300B04451 /* SimpleMealManager */;
			targetProxy = 604CAB09231A7FA500B04451 /* PBXContainerItemProxy */;
		};
		604CAB15231A7FA500B04451 /* PBXTargetDependency */ = {
			isa = PBXTargetDependency;
			target = 604CAAF3231A7FA300B04451 /* SimpleMealManager */;
			targetProxy = 604CAB14231A7FA500B04451 /* PBXContainerItemProxy */;
		};
/* End PBXTargetDependency section */

/* Begin PBXVariantGroup section */
		604CAAFB231A7FA400B04451 /* Main.storyboard */ = {
			isa = PBXVariantGroup;
			children = (
				604CAAFC231A7FA400B04451 /* Base */,
			);
			name = Main.storyboard;
			sourceTree = "<group>";
		};
		604CAB00231A7FA500B04451 /* LaunchScreen.storyboard */ = {
			isa = PBXVariantGroup;
			children = (
				604CAB01231A7FA500B04451 /* Base */,
			);
			name = LaunchScreen.storyboard;
			sourceTree = "<group>";
		};
/* End PBXVariantGroup section */

/* Begin XCBuildConfiguration section */
		604CAB1A231A7FA500B04451 /* Debug */ = {
			isa = XCBuildConfiguration;
			buildSettings = {
				ALWAYS_SEARCH_USER_PATHS = NO;
				CLANG_ANALYZER_NONNULL = YES;
				CLANG_ANALYZER_NUMBER_OBJECT_CONVERSION = YES_AGGRESSIVE;
				CLANG_CXX_LANGUAGE_STANDARD = "gnu++14";
				CLANG_CXX_LIBRARY = "libc++";
				CLANG_ENABLE_MODULES = YES;
				CLANG_ENABLE_OBJC_ARC = YES;
				CLANG_ENABLE_OBJC_WEAK = YES;
				CLANG_WARN_BLOCK_CAPTURE_AUTORELEASING = YES;
				CLANG_WARN_BOOL_CONVERSION = YES;
				CLANG_WARN_COMMA = YES;
				CLANG_WARN_CONSTANT_CONVERSION = YES;
				CLANG_WARN_DEPRECATED_OBJC_IMPLEMENTATIONS = YES;
				CLANG_WARN_DIRECT_OBJC_ISA_USAGE = YES_ERROR;
				CLANG_WARN_DOCUMENTATION_COMMENTS = YES;
				CLANG_WARN_EMPTY_BODY = YES;
				CLANG_WARN_ENUM_CONVERSION = YES;
				CLANG_WARN_INFINITE_RECURSION = YES;
				CLANG_WARN_INT_CONVERSION = YES;
				CLANG_WARN_NON_LITERAL_NULL_CONVERSION = YES;
				CLANG_WARN_OBJC_IMPLICIT_RETAIN_SELF = YES;
				CLANG_WARN_OBJC_LITERAL_CONVERSION = YES;
				CLANG_WARN_OBJC_ROOT_CLASS = YES_ERROR;
				CLANG_WARN_RANGE_LOOP_ANALYSIS = YES;
				CLANG_WARN_STRICT_PROTOTYPES = YES;
				CLANG_WARN_SUSPICIOUS_MOVE = YES;
				CLANG_WARN_UNGUARDED_AVAILABILITY = YES_AGGRESSIVE;
				CLANG_WARN_UNREACHABLE_CODE = YES;
				CLANG_WARN__DUPLICATE_METHOD_MATCH = YES;
				CODE_SIGN_IDENTITY = "iPhone Developer";
				COPY_PHASE_STRIP = NO;
				DEBUG_INFORMATION_FORMAT = dwarf;
				ENABLE_STRICT_OBJC_MSGSEND = YES;
				ENABLE_TESTABILITY = YES;
				GCC_C_LANGUAGE_STANDARD = gnu11;
				GCC_DYNAMIC_NO_PIC = NO;
				GCC_NO_COMMON_BLOCKS = YES;
				GCC_OPTIMIZATION_LEVEL = 0;
				GCC_PREPROCESSOR_DEFINITIONS = (
					"DEBUG=1",
					"$(inherited)",
				);
				GCC_WARN_64_TO_32_BIT_CONVERSION = YES;
				GCC_WARN_ABOUT_RETURN_TYPE = YES_ERROR;
				GCC_WARN_UNDECLARED_SELECTOR = YES;
				GCC_WARN_UNINITIALIZED_AUTOS = YES_AGGRESSIVE;
				GCC_WARN_UNUSED_FUNCTION = YES;
				GCC_WARN_UNUSED_VARIABLE = YES;
				IPHONEOS_DEPLOYMENT_TARGET = 12.4;
				MTL_ENABLE_DEBUG_INFO = INCLUDE_SOURCE;
				MTL_FAST_MATH = YES;
				ONLY_ACTIVE_ARCH = YES;
				SDKROOT = iphoneos;
				SWIFT_ACTIVE_COMPILATION_CONDITIONS = DEBUG;
				SWIFT_OPTIMIZATION_LEVEL = "-Onone";
			};
			name = Debug;
		};
		604CAB1B231A7FA500B04451 /* Release */ = {
			isa = XCBuildConfiguration;
			buildSettings = {
				ALWAYS_SEARCH_USER_PATHS = NO;
				CLANG_ANALYZER_NONNULL = YES;
				CLANG_ANALYZER_NUMBER_OBJECT_CONVERSION = YES_AGGRESSIVE;
				CLANG_CXX_LANGUAGE_STANDARD = "gnu++14";
				CLANG_CXX_LIBRARY = "libc++";
				CLANG_ENABLE_MODULES = YES;
				CLANG_ENABLE_OBJC_ARC = YES;
				CLANG_ENABLE_OBJC_WEAK = YES;
				CLANG_WARN_BLOCK_CAPTURE_AUTORELEASING = YES;
				CLANG_WARN_BOOL_CONVERSION = YES;
				CLANG_WARN_COMMA = YES;
				CLANG_WARN_CONSTANT_CONVERSION = YES;
				CLANG_WARN_DEPRECATED_OBJC_IMPLEMENTATIONS = YES;
				CLANG_WARN_DIRECT_OBJC_ISA_USAGE = YES_ERROR;
				CLANG_WARN_DOCUMENTATION_COMMENTS = YES;
				CLANG_WARN_EMPTY_BODY = YES;
				CLANG_WARN_ENUM_CONVERSION = YES;
				CLANG_WARN_INFINITE_RECURSION = YES;
				CLANG_WARN_INT_CONVERSION = YES;
				CLANG_WARN_NON_LITERAL_NULL_CONVERSION = YES;
				CLANG_WARN_OBJC_IMPLICIT_RETAIN_SELF = YES;
				CLANG_WARN_OBJC_LITERAL_CONVERSION = YES;
				CLANG_WARN_OBJC_ROOT_CLASS = YES_ERROR;
				CLANG_WARN_RANGE_LOOP_ANALYSIS = YES;
				CLANG_WARN_STRICT_PROTOTYPES = YES;
				CLANG_WARN_SUSPICIOUS_MOVE = YES;
				CLANG_WARN_UNGUARDED_AVAILABILITY = YES_AGGRESSIVE;
				CLANG_WARN_UNREACHABLE_CODE = YES;
				CLANG_WARN__DUPLICATE_METHOD_MATCH = YES;
				CODE_SIGN_IDENTITY = "iPhone Developer";
				COPY_PHASE_STRIP = NO;
				DEBUG_INFORMATION_FORMAT = "dwarf-with-dsym";
				ENABLE_NS_ASSERTIONS = NO;
				ENABLE_STRICT_OBJC_MSGSEND = YES;
				GCC_C_LANGUAGE_STANDARD = gnu11;
				GCC_NO_COMMON_BLOCKS = YES;
				GCC_WARN_64_TO_32_BIT_CONVERSION = YES;
				GCC_WARN_ABOUT_RETURN_TYPE = YES_ERROR;
				GCC_WARN_UNDECLARED_SELECTOR = YES;
				GCC_WARN_UNINITIALIZED_AUTOS = YES_AGGRESSIVE;
				GCC_WARN_UNUSED_FUNCTION = YES;
				GCC_WARN_UNUSED_VARIABLE = YES;
				IPHONEOS_DEPLOYMENT_TARGET = 12.4;
				MTL_ENABLE_DEBUG_INFO = NO;
				MTL_FAST_MATH = YES;
				SDKROOT = iphoneos;
				SWIFT_COMPILATION_MODE = wholemodule;
				SWIFT_OPTIMIZATION_LEVEL = "-O";
				VALIDATE_PRODUCT = YES;
			};
			name = Release;
		};
		604CAB1D231A7FA500B04451 /* Debug */ = {
			isa = XCBuildConfiguration;
			baseConfigurationReference = 75F65D0AA1B6E015E13FC515 /* Pods-SimpleMealManager.debug.xcconfig */;
			buildSettings = {
				ASSETCATALOG_COMPILER_APPICON_NAME = AppIcon;
				CODE_SIGN_STYLE = Automatic;
				DEVELOPMENT_TEAM = B6VWA2QJ88;
				INFOPLIST_FILE = SimpleMealManager/Info.plist;
				LD_RUNPATH_SEARCH_PATHS = (
					"$(inherited)",
					"@executable_path/Frameworks",
				);
				PRODUCT_BUNDLE_IDENTIFIER = com.kmdhtsh.SimpleMealManager;
				PRODUCT_NAME = "$(TARGET_NAME)";
				SWIFT_VERSION = 5.0;
				TARGETED_DEVICE_FAMILY = 1;
			};
			name = Debug;
		};
		604CAB1E231A7FA500B04451 /* Release */ = {
			isa = XCBuildConfiguration;
			baseConfigurationReference = 783E4DBD22A7993F78064949 /* Pods-SimpleMealManager.release.xcconfig */;
			buildSettings = {
				ASSETCATALOG_COMPILER_APPICON_NAME = AppIcon;
				CODE_SIGN_STYLE = Automatic;
				DEVELOPMENT_TEAM = B6VWA2QJ88;
				INFOPLIST_FILE = SimpleMealManager/Info.plist;
				LD_RUNPATH_SEARCH_PATHS = (
					"$(inherited)",
					"@executable_path/Frameworks",
				);
				PRODUCT_BUNDLE_IDENTIFIER = com.kmdhtsh.SimpleMealManager;
				PRODUCT_NAME = "$(TARGET_NAME)";
				SWIFT_VERSION = 5.0;
				TARGETED_DEVICE_FAMILY = 1;
			};
			name = Release;
		};
		604CAB20231A7FA500B04451 /* Debug */ = {
			isa = XCBuildConfiguration;
			baseConfigurationReference = FB18AE48AB87EA8898FBC399 /* Pods-SimpleMealManagerTests.debug.xcconfig */;
			buildSettings = {
				ALWAYS_EMBED_SWIFT_STANDARD_LIBRARIES = YES;
				BUNDLE_LOADER = "$(TEST_HOST)";
				CODE_SIGN_STYLE = Automatic;
				DEVELOPMENT_TEAM = B6VWA2QJ88;
				INFOPLIST_FILE = SimpleMealManagerTests/Info.plist;
				LD_RUNPATH_SEARCH_PATHS = (
					"$(inherited)",
					"@executable_path/Frameworks",
					"@loader_path/Frameworks",
				);
				PRODUCT_BUNDLE_IDENTIFIER = com.kmdhtsh.SimpleMealManagerTests;
				PRODUCT_NAME = "$(TARGET_NAME)";
				SWIFT_VERSION = 5.0;
				TARGETED_DEVICE_FAMILY = "1,2";
				TEST_HOST = "$(BUILT_PRODUCTS_DIR)/SimpleMealManager.app/SimpleMealManager";
			};
			name = Debug;
		};
		604CAB21231A7FA500B04451 /* Release */ = {
			isa = XCBuildConfiguration;
			baseConfigurationReference = 48930FE3AFC50B9F6FCBBD4B /* Pods-SimpleMealManagerTests.release.xcconfig */;
			buildSettings = {
				ALWAYS_EMBED_SWIFT_STANDARD_LIBRARIES = YES;
				BUNDLE_LOADER = "$(TEST_HOST)";
				CODE_SIGN_STYLE = Automatic;
				DEVELOPMENT_TEAM = B6VWA2QJ88;
				INFOPLIST_FILE = SimpleMealManagerTests/Info.plist;
				LD_RUNPATH_SEARCH_PATHS = (
					"$(inherited)",
					"@executable_path/Frameworks",
					"@loader_path/Frameworks",
				);
				PRODUCT_BUNDLE_IDENTIFIER = com.kmdhtsh.SimpleMealManagerTests;
				PRODUCT_NAME = "$(TARGET_NAME)";
				SWIFT_VERSION = 5.0;
				TARGETED_DEVICE_FAMILY = "1,2";
				TEST_HOST = "$(BUILT_PRODUCTS_DIR)/SimpleMealManager.app/SimpleMealManager";
			};
			name = Release;
		};
		604CAB23231A7FA500B04451 /* Debug */ = {
			isa = XCBuildConfiguration;
			baseConfigurationReference = 62976D5E8D393F4080B8EC2E /* Pods-SimpleMealManagerUITests.debug.xcconfig */;
			buildSettings = {
				ALWAYS_EMBED_SWIFT_STANDARD_LIBRARIES = YES;
				CODE_SIGN_STYLE = Automatic;
				DEVELOPMENT_TEAM = B6VWA2QJ88;
				INFOPLIST_FILE = SimpleMealManagerUITests/Info.plist;
				LD_RUNPATH_SEARCH_PATHS = (
					"$(inherited)",
					"@executable_path/Frameworks",
					"@loader_path/Frameworks",
				);
				PRODUCT_BUNDLE_IDENTIFIER = com.kmdhtsh.SimpleMealManagerUITests;
				PRODUCT_NAME = "$(TARGET_NAME)";
				SWIFT_VERSION = 5.0;
				TARGETED_DEVICE_FAMILY = "1,2";
				TEST_TARGET_NAME = SimpleMealManager;
			};
			name = Debug;
		};
		604CAB24231A7FA500B04451 /* Release */ = {
			isa = XCBuildConfiguration;
			baseConfigurationReference = 0790AE222FC977E6A9EBD4F1 /* Pods-SimpleMealManagerUITests.release.xcconfig */;
			buildSettings = {
				ALWAYS_EMBED_SWIFT_STANDARD_LIBRARIES = YES;
				CODE_SIGN_STYLE = Automatic;
				DEVELOPMENT_TEAM = B6VWA2QJ88;
				INFOPLIST_FILE = SimpleMealManagerUITests/Info.plist;
				LD_RUNPATH_SEARCH_PATHS = (
					"$(inherited)",
					"@executable_path/Frameworks",
					"@loader_path/Frameworks",
				);
				PRODUCT_BUNDLE_IDENTIFIER = com.kmdhtsh.SimpleMealManagerUITests;
				PRODUCT_NAME = "$(TARGET_NAME)";
				SWIFT_VERSION = 5.0;
				TARGETED_DEVICE_FAMILY = "1,2";
				TEST_TARGET_NAME = SimpleMealManager;
			};
			name = Release;
		};
/* End XCBuildConfiguration section */

/* Begin XCConfigurationList section */
		604CAAEF231A7FA300B04451 /* Build configuration list for PBXProject "SimpleMealManager" */ = {
			isa = XCConfigurationList;
			buildConfigurations = (
				604CAB1A231A7FA500B04451 /* Debug */,
				604CAB1B231A7FA500B04451 /* Release */,
			);
			defaultConfigurationIsVisible = 0;
			defaultConfigurationName = Release;
		};
		604CAB1C231A7FA500B04451 /* Build configuration list for PBXNativeTarget "SimpleMealManager" */ = {
			isa = XCConfigurationList;
			buildConfigurations = (
				604CAB1D231A7FA500B04451 /* Debug */,
				604CAB1E231A7FA500B04451 /* Release */,
			);
			defaultConfigurationIsVisible = 0;
			defaultConfigurationName = Release;
		};
		604CAB1F231A7FA500B04451 /* Build configuration list for PBXNativeTarget "SimpleMealManagerTests" */ = {
			isa = XCConfigurationList;
			buildConfigurations = (
				604CAB20231A7FA500B04451 /* Debug */,
				604CAB21231A7FA500B04451 /* Release */,
			);
			defaultConfigurationIsVisible = 0;
			defaultConfigurationName = Release;
		};
		604CAB22231A7FA500B04451 /* Build configuration list for PBXNativeTarget "SimpleMealManagerUITests" */ = {
			isa = XCConfigurationList;
			buildConfigurations = (
				604CAB23231A7FA500B04451 /* Debug */,
				604CAB24231A7FA500B04451 /* Release */,
			);
			defaultConfigurationIsVisible = 0;
			defaultConfigurationName = Release;
		};
/* End XCConfigurationList section */
	};
	rootObject = 604CAAEC231A7FA300B04451 /* Project object */;
}
